<?xml version="1.0" encoding="utf-8"?>
<Project ToolsVersion="4.0" xmlns="http://schemas.microsoft.com/developer/msbuild/2003">
  <ItemGroup>
    <Filter Include="Source Files">
      <UniqueIdentifier>{4FC737F1-C7A5-4376-A066-2A32D752A2FF}</UniqueIdentifier>
      <Extensions>cpp;c;cc;cxx;def;odl;idl;hpj;bat;asm;asmx</Extensions>
    </Filter>
    <Filter Include="Header Files">
      <UniqueIdentifier>{93995380-89BD-4b04-88EB-625FBE52EBFB}</UniqueIdentifier>
      <Extensions>h;hpp;hxx;hm;inl;inc;xsd</Extensions>
    </Filter>
    <Filter Include="Resource Files">
      <UniqueIdentifier>{67DA6AB6-F800-4c08-8B7A-83BB121AAD01}</UniqueIdentifier>
      <Extensions>rc;ico;cur;bmp;dlg;rc2;rct;bin;rgs;gif;jpg;jpeg;jpe;resx;tiff;tif;png;wav;mfcribbon-ms</Extensions>
    </Filter>
    <Filter Include="Other Files">
      <UniqueIdentifier>{d8138629-2fc9-4f1c-9d2b-90ad6f978071}</UniqueIdentifier>
    </Filter>
    <Filter Include="Data Files">
      <UniqueIdentifier>{26c9d8fb-51d5-4d7e-824c-02951d649003}</UniqueIdentifier>
    </Filter>
    <Filter Include="Header Files\Meta Sources">
      <UniqueIdentifier>{edce3a8f-debd-4fbf-8e9e-a9830aecb24a}</UniqueIdentifier>
    </Filter>
    <Filter Include="Source Files\Meta Sources">
      <UniqueIdentifier>{18eb67fa-a6b7-424a-b835-41c48b27dc20}</UniqueIdentifier>
    </Filter>
  </ItemGroup>
  <ItemGroup>
    <None Include="resource\icon.ico">
      <Filter>Resource Files</Filter>
    </None>
    <None Include="resource\sound.ico">
      <Filter>Resource Files</Filter>
    </None>
    <None Include="resource\mute.ico">
      <Filter>Resource Files</Filter>
    </None>
    <None Include="README">
      <Filter>Other Files</Filter>
    </None>
    <None Include="Release.py">
      <Filter>Other Files</Filter>
    </None>
    <None Include="data\language.json">
      <Filter>Data Files</Filter>
    </None>
    <None Include="setup.iss">
      <Filter>Other Files</Filter>
    </None>
  </ItemGroup>
  <ItemGroup>
    <ClInclude Include="src\MainWindow.hpp">
      <Filter>Header Files</Filter>
    </ClInclude>
    <ClInclude Include="src\Station.hpp">
      <Filter>Header Files</Filter>
    </ClInclude>
    <ClInclude Include="src\Language.hpp">
      <Filter>Header Files</Filter>
    </ClInclude>
    <ClInclude Include="src\HTTP.hpp">
      <Filter>Header Files</Filter>
    </ClInclude>
    <ClInclude Include="src\StringUtil.hpp">
      <Filter>Header Files</Filter>
    </ClInclude>
    <ClInclude Include="resource\resource.h">
      <Filter>Header Files</Filter>
    </ClInclude>
    <ClInclude Include="src\INETRException.hpp">
      <Filter>Header Files</Filter>
    </ClInclude>
    <ClInclude Include="src\CryptUtil.hpp">
      <Filter>Header Files</Filter>
    </ClInclude>
    <ClInclude Include="src\ImageUtil.hpp">
      <Filter>Header Files</Filter>
    </ClInclude>
    <ClInclude Include="src\INETRLogger.hpp">
      <Filter>Header Files</Filter>
    </ClInclude>
    <ClInclude Include="src\OSUtil.hpp">
      <Filter>Header Files</Filter>
    </ClInclude>
    <ClInclude Include="src\MUtil.hpp">
      <Filter>Header Files</Filter>
    </ClInclude>
    <ClInclude Include="src\ssize_t.h">
      <Filter>Header Files</Filter>
    </ClInclude>
    <ClInclude Include="src\Updater.hpp">
      <Filter>Header Files</Filter>
    </ClInclude>
    <ClInclude Include="src\Languages.hpp">
      <Filter>Header Files</Filter>
    </ClInclude>
    <ClInclude Include="src\HTTPMetaSource.hpp">
      <Filter>Header Files\Meta Sources</Filter>
    </ClInclude>
    <ClInclude Include="src\Stations.hpp">
      <Filter>Header Files</Filter>
    </ClInclude>
    <ClInclude Include="src\VersionUtil.hpp">
      <Filter>Header Files</Filter>
    </ClInclude>
    <ClInclude Include="src\MetaSourcePrototype.hpp">
      <Filter>Header Files</Filter>
    </ClInclude>
    <ClInclude Include="src\MetaSource.hpp">
      <Filter>Header Files</Filter>
    </ClInclude>
    <ClInclude Include="src\MetaMetaSource.hpp">
      <Filter>Header Files\Meta Sources</Filter>
    </ClInclude>
    <ClInclude Include="src\RegExMetaSource.hpp">
      <Filter>Header Files\Meta Sources</Filter>
    </ClInclude>
    <ClInclude Include="src\HTMLFixMetaSource.hpp">
      <Filter>Header Files\Meta Sources</Filter>
    </ClInclude>
    <ClInclude Include="src\UserConfig.hpp">
      <Filter>Header Files</Filter>
    </ClInclude>
  </ItemGroup>
  <ItemGroup>
    <ClCompile Include="src\main.cpp">
      <Filter>Source Files</Filter>
    </ClCompile>
    <ClCompile Include="src\MainWindow.cpp">
      <Filter>Source Files</Filter>
    </ClCompile>
    <ClCompile Include="src\Station.cpp">
      <Filter>Source Files</Filter>
    </ClCompile>
    <ClCompile Include="src\Language.cpp">
      <Filter>Source Files</Filter>
    </ClCompile>
    <ClCompile Include="src\HTTP.cpp">
      <Filter>Source Files</Filter>
    </ClCompile>
    <ClCompile Include="src\StringUtil.cpp">
      <Filter>Source Files</Filter>
    </ClCompile>
    <ClCompile Include="src\INETRException.cpp">
      <Filter>Source Files</Filter>
    </ClCompile>
    <ClCompile Include="src\CryptUtil.cpp">
      <Filter>Source Files</Filter>
    </ClCompile>
    <ClCompile Include="src\ImageUtil.cpp">
      <Filter>Source Files</Filter>
    </ClCompile>
    <ClCompile Include="src\INETRLogger.cpp">
      <Filter>Source Files</Filter>
    </ClCompile>
    <ClCompile Include="src\OSUtil.cpp">
      <Filter>Source Files</Filter>
    </ClCompile>
    <ClCompile Include="src\MainWindow_static.cpp">
      <Filter>Source Files</Filter>
    </ClCompile>
    <ClCompile Include="src\MainWindow_events.cpp">
      <Filter>Source Files</Filter>
    </ClCompile>
    <ClCompile Include="src\MainWindow_radio.cpp">
      <Filter>Source Files</Filter>
    </ClCompile>
    <ClCompile Include="src\Updater.cpp">
      <Filter>Source Files</Filter>
    </ClCompile>
    <ClCompile Include="src\Languages.cpp">
      <Filter>Source Files</Filter>
    </ClCompile>
    <ClCompile Include="src\HTTPMetaSource.cpp">
      <Filter>Source Files\Meta Sources</Filter>
    </ClCompile>
    <ClCompile Include="src\Stations.cpp">
      <Filter>Source Files</Filter>
    </ClCompile>
    <ClCompile Include="src\VersionUtil.cpp">
      <Filter>Source Files</Filter>
    </ClCompile>
    <ClCompile Include="src\MetaMetaSource.cpp">
      <Filter>Source Files\Meta Sources</Filter>
    </ClCompile>
    <ClCompile Include="src\RegExMetaSource.cpp">
      <Filter>Source Files\Meta Sources</Filter>
    </ClCompile>
    <ClCompile Include="src\HTMLFixMetaSource.cpp">
      <Filter>Source Files\Meta Sources</Filter>
    </ClCompile>
    <ClCompile Include="src\UserConfig.cpp">
      <Filter>Source Files</Filter>
    </ClCompile>
  </ItemGroup>
  <ItemGroup>
    <ResourceCompile Include="resource\InternetRadio.rc">
      <Filter>Resource Files</Filter>
    </ResourceCompile>
  </ItemGroup>
</Project>