<?xml version="1.0" encoding="utf-8"?>
<Project ToolsVersion="4.0" xmlns="http://schemas.microsoft.com/developer/msbuild/2003">
  <ItemGroup>
    <Filter Include="Source Files">
      <UniqueIdentifier>{4FC737F1-C7A5-4376-A066-2A32D752A2FF}</UniqueIdentifier>
      <Extensions>cpp;c;cc;cxx;def;odl;idl;hpj;bat;asm;asmx</Extensions>
    </Filter>
    <Filter Include="Header Files">
      <UniqueIdentifier>{93995380-89BD-4b04-88EB-625FBE52EBFB}</UniqueIdentifier>
      <Extensions>h;hpp;hxx;hm;inl;inc;xsd</Extensions>
    </Filter>
    <Filter Include="Resource Files">
      <UniqueIdentifier>{67DA6AB6-F800-4c08-8B7A-83BB121AAD01}</UniqueIdentifier>
      <Extensions>rc;ico;cur;bmp;dlg;rc2;rct;bin;rgs;gif;jpg;jpeg;jpe;resx;tiff;tif;png;wav;mfcribbon-ms</Extensions>
    </Filter>
    <Filter Include="Header Files\BASS">
      <UniqueIdentifier>{d1f96b0c-12b5-487c-b0a5-883f41914981}</UniqueIdentifier>
    </Filter>
    <Filter Include="Binary Files">
      <UniqueIdentifier>{4dbc9cf4-e8e8-4784-83d2-7f5a9c3bf4c7}</UniqueIdentifier>
      <Extensions>lib;dll;exe</Extensions>
    </Filter>
    <Filter Include="Binary Files\Import Libraries">
      <UniqueIdentifier>{2f534255-2d25-4ef2-a3a2-9a5247d26990}</UniqueIdentifier>
      <Extensions>lib</Extensions>
    </Filter>
    <Filter Include="Binary Files\Dynamic Link Libraries">
      <UniqueIdentifier>{f355b386-fffe-4ef9-a1e3-4be4724e1332}</UniqueIdentifier>
      <Extensions>dll</Extensions>
    </Filter>
    <Filter Include="Other Files">
      <UniqueIdentifier>{d8138629-2fc9-4f1c-9d2b-90ad6f978071}</UniqueIdentifier>
    </Filter>
    <Filter Include="Header Files\Metadata Providers/Processors">
      <UniqueIdentifier>{00cf091c-f840-466b-b423-bd0b9d5d3ecd}</UniqueIdentifier>
    </Filter>
    <Filter Include="Source Files\Metadata Providers/Processors">
      <UniqueIdentifier>{93603c30-4ff9-4596-8bdb-4764dcfb18f2}</UniqueIdentifier>
    </Filter>
    <Filter Include="Data Files">
      <UniqueIdentifier>{26c9d8fb-51d5-4d7e-824c-02951d649003}</UniqueIdentifier>
    </Filter>
    <Filter Include="Data Files\Station Images">
      <UniqueIdentifier>{a2dc1947-38d2-4189-b185-8129b859544d}</UniqueIdentifier>
    </Filter>
  </ItemGroup>
  <ItemGroup>
    <Library Include="dependencies\bass\bass.lib">
      <Filter>Binary Files\Import Libraries</Filter>
    </Library>
  </ItemGroup>
  <ItemGroup>
    <None Include="dependencies\bass\bass.dll">
      <Filter>Binary Files\Dynamic Link Libraries</Filter>
    </None>
    <None Include="resource\icon.ico">
      <Filter>Resource Files</Filter>
    </None>
    <None Include="data\img\ffn.bmp">
      <Filter>Data Files\Station Images</Filter>
    </None>
    <None Include="Release.bat">
      <Filter>Other Files</Filter>
    </None>
    <None Include="data\img\n-joy.png">
      <Filter>Data Files\Station Images</Filter>
    </None>
    <None Include="data\img\ndr_2.png">
      <Filter>Data Files\Station Images</Filter>
    </None>
    <None Include="data\img\ndr_info.png">
      <Filter>Data Files\Station Images</Filter>
    </None>
    <None Include="data\img\ndr_1_nds.png">
      <Filter>Data Files\Station Images</Filter>
    </None>
    <None Include="data\img\1live.png">
      <Filter>Data Files\Station Images</Filter>
    </None>
    <None Include="data\img\wdr_2.png">
      <Filter>Data Files\Station Images</Filter>
    </None>
    <None Include="data\img\wdr_3.png">
      <Filter>Data Files\Station Images</Filter>
    </None>
    <None Include="data\img\wdr_4.png">
      <Filter>Data Files\Station Images</Filter>
    </None>
    <None Include="data\img\wdr_5.png">
      <Filter>Data Files\Station Images</Filter>
    </None>
    <None Include="data\img\klassik_radio.png">
      <Filter>Data Files\Station Images</Filter>
    </None>
    <None Include="data\img\deutschlandfunk.png">
      <Filter>Data Files\Station Images</Filter>
    </None>
    <None Include="data\img\deutschlandradio_kultur.png">
      <Filter>Data Files\Station Images</Filter>
    </None>
    <None Include="data\img\mdr_sputnik.png">
      <Filter>Data Files\Station Images</Filter>
    </None>
    <None Include="data\img\radio_aktiv.gif">
      <Filter>Data Files\Station Images</Filter>
    </None>
    <None Include="data\img\hardbase_fm.png">
      <Filter>Data Files\Station Images</Filter>
    </None>
    <None Include="data\img\bigfm.png">
      <Filter>Data Files\Station Images</Filter>
    </None>
    <None Include="data\img\89_0_rtl.png">
      <Filter>Data Files\Station Images</Filter>
    </None>
    <None Include="data\img\ndr_kultur.png">
      <Filter>Data Files\Station Images</Filter>
    </None>
    <None Include="resource\sound.ico">
      <Filter>Resource Files</Filter>
    </None>
    <None Include="resource\mute.ico">
      <Filter>Resource Files</Filter>
    </None>
    <None Include="README">
      <Filter>Other Files</Filter>
    </None>
    <None Include="data\config.json">
      <Filter>Data Files</Filter>
    </None>
  </ItemGroup>
  <ItemGroup>
    <ClInclude Include="dependencies\bass\bass.h">
      <Filter>Header Files\BASS</Filter>
    </ClInclude>
    <ClInclude Include="src\MainWindow.hpp">
      <Filter>Header Files</Filter>
    </ClInclude>
    <ClInclude Include="src\Station.hpp">
      <Filter>Header Files</Filter>
    </ClInclude>
    <ClInclude Include="src\Language.hpp">
      <Filter>Header Files</Filter>
    </ClInclude>
    <ClInclude Include="src\HTTP.hpp">
      <Filter>Header Files</Filter>
    </ClInclude>
    <ClInclude Include="src\StringUtil.hpp">
      <Filter>Header Files</Filter>
    </ClInclude>
    <ClInclude Include="resource\resource.h">
      <Filter>Header Files</Filter>
    </ClInclude>
    <ClInclude Include="src\MetadataProcessor.hpp">
      <Filter>Header Files</Filter>
    </ClInclude>
    <ClInclude Include="src\INETRException.hpp">
      <Filter>Header Files</Filter>
    </ClInclude>
    <ClInclude Include="src\MetadataProvider.hpp">
      <Filter>Header Files</Filter>
    </ClInclude>
    <ClInclude Include="src\HTTPMetadataProvider.hpp">
      <Filter>Header Files\Metadata Providers/Processors</Filter>
    </ClInclude>
    <ClInclude Include="src\HTMLEntityFixMetadataProcessor.hpp">
      <Filter>Header Files\Metadata Providers/Processors</Filter>
    </ClInclude>
    <ClInclude Include="src\RegExMetadataProcessor.hpp">
      <Filter>Header Files\Metadata Providers/Processors</Filter>
    </ClInclude>
    <ClInclude Include="src\RegExArtistTitleMetadataProcessor.hpp">
      <Filter>Header Files\Metadata Providers/Processors</Filter>
    </ClInclude>
    <ClInclude Include="src\OGGMetadataProvider.hpp">
      <Filter>Header Files\Metadata Providers/Processors</Filter>
    </ClInclude>
    <ClInclude Include="src\MetaMetadataProvider.hpp">
      <Filter>Header Files\Metadata Providers/Processors</Filter>
    </ClInclude>
    <ClInclude Include="src\CryptUtil.hpp">
      <Filter>Header Files</Filter>
    </ClInclude>
    <ClInclude Include="src\ImageUtil.hpp">
      <Filter>Header Files</Filter>
    </ClInclude>
    <ClInclude Include="src\INETRLogger.hpp">
      <Filter>Header Files</Filter>
    </ClInclude>
    <ClInclude Include="src\OSUtil.hpp">
      <Filter>Header Files</Filter>
    </ClInclude>
    <ClInclude Include="src\MUtil.hpp">
      <Filter>Header Files</Filter>
    </ClInclude>
    <ClInclude Include="src\ssize_t.h">
      <Filter>Header Files</Filter>
    </ClInclude>
  </ItemGroup>
  <ItemGroup>
    <ClCompile Include="src\main.cpp">
      <Filter>Source Files</Filter>
    </ClCompile>
    <ClCompile Include="src\MainWindow.cpp">
      <Filter>Source Files</Filter>
    </ClCompile>
    <ClCompile Include="src\Station.cpp">
      <Filter>Source Files</Filter>
    </ClCompile>
    <ClCompile Include="src\Language.cpp">
      <Filter>Source Files</Filter>
    </ClCompile>
    <ClCompile Include="src\HTTP.cpp">
      <Filter>Source Files</Filter>
    </ClCompile>
    <ClCompile Include="src\StringUtil.cpp">
      <Filter>Source Files</Filter>
    </ClCompile>
    <ClCompile Include="src\MetadataProcessor.cpp">
      <Filter>Source Files</Filter>
    </ClCompile>
    <ClCompile Include="src\INETRException.cpp">
      <Filter>Source Files</Filter>
    </ClCompile>
    <ClCompile Include="src\MetadataProvider.cpp">
      <Filter>Source Files</Filter>
    </ClCompile>
    <ClCompile Include="src\HTMLEntityFixMetadataProcessor.cpp">
      <Filter>Source Files\Metadata Providers/Processors</Filter>
    </ClCompile>
    <ClCompile Include="src\HTTPMetadataProvider.cpp">
      <Filter>Source Files\Metadata Providers/Processors</Filter>
    </ClCompile>
    <ClCompile Include="src\MetaMetadataProvider.cpp">
      <Filter>Source Files\Metadata Providers/Processors</Filter>
    </ClCompile>
    <ClCompile Include="src\OGGMetadataProvider.cpp">
      <Filter>Source Files\Metadata Providers/Processors</Filter>
    </ClCompile>
    <ClCompile Include="src\RegExMetadataProcessor.cpp">
      <Filter>Source Files\Metadata Providers/Processors</Filter>
    </ClCompile>
    <ClCompile Include="src\RegExArtistTitleMetadataProcessor.cpp">
      <Filter>Source Files\Metadata Providers/Processors</Filter>
    </ClCompile>
    <ClCompile Include="src\CryptUtil.cpp">
      <Filter>Source Files</Filter>
    </ClCompile>
    <ClCompile Include="src\ImageUtil.cpp">
      <Filter>Source Files</Filter>
    </ClCompile>
    <ClCompile Include="src\INETRLogger.cpp">
      <Filter>Source Files</Filter>
    </ClCompile>
    <ClCompile Include="src\OSUtil.cpp">
      <Filter>Source Files</Filter>
    </ClCompile>
    <ClCompile Include="src\MainWindow_static.cpp">
      <Filter>Source Files</Filter>
    </ClCompile>
    <ClCompile Include="src\MainWindow_events.cpp">
      <Filter>Source Files</Filter>
    </ClCompile>
    <ClCompile Include="src\MainWindow_radio.cpp">
      <Filter>Source Files</Filter>
    </ClCompile>
    <ClCompile Include="src\MainWindow_config.cpp">
      <Filter>Source Files</Filter>
    </ClCompile>
  </ItemGroup>
  <ItemGroup>
    <ResourceCompile Include="resource\InternetRadio.rc">
      <Filter>Resource Files</Filter>
    </ResourceCompile>
  </ItemGroup>
</Project>