<?xml version="1.0" encoding="utf-8"?>
<Project ToolsVersion="4.0" xmlns="http://schemas.microsoft.com/developer/msbuild/2003">
  <ItemGroup>
    <Filter Include="Source Files">
      <UniqueIdentifier>{4FC737F1-C7A5-4376-A066-2A32D752A2FF}</UniqueIdentifier>
      <Extensions>cpp;c;cc;cxx;def;odl;idl;hpj;bat;asm;asmx</Extensions>
    </Filter>
    <Filter Include="Header Files">
      <UniqueIdentifier>{93995380-89BD-4b04-88EB-625FBE52EBFB}</UniqueIdentifier>
      <Extensions>h;hpp;hxx;hm;inl;inc;xsd</Extensions>
    </Filter>
    <Filter Include="Resource Files">
      <UniqueIdentifier>{67DA6AB6-F800-4c08-8B7A-83BB121AAD01}</UniqueIdentifier>
      <Extensions>rc;ico;cur;bmp;dlg;rc2;rct;bin;rgs;gif;jpg;jpeg;jpe;resx;tiff;tif;png;wav;mfcribbon-ms</Extensions>
    </Filter>
    <Filter Include="Header Files\BASS">
      <UniqueIdentifier>{d1f96b0c-12b5-487c-b0a5-883f41914981}</UniqueIdentifier>
    </Filter>
    <Filter Include="Binary Files">
      <UniqueIdentifier>{4dbc9cf4-e8e8-4784-83d2-7f5a9c3bf4c7}</UniqueIdentifier>
      <Extensions>lib;dll;exe</Extensions>
    </Filter>
    <Filter Include="Binary Files\Import Libraries">
      <UniqueIdentifier>{2f534255-2d25-4ef2-a3a2-9a5247d26990}</UniqueIdentifier>
      <Extensions>lib</Extensions>
    </Filter>
    <Filter Include="Binary Files\Dynamic Link Libraries">
      <UniqueIdentifier>{f355b386-fffe-4ef9-a1e3-4be4724e1332}</UniqueIdentifier>
      <Extensions>dll</Extensions>
    </Filter>
    <Filter Include="Header Files\JSONCpp">
      <UniqueIdentifier>{bc2ebbe6-61cd-44b6-b659-6c06b56f40bc}</UniqueIdentifier>
    </Filter>
    <Filter Include="Source Files\JSONCpp">
      <UniqueIdentifier>{d31e54f3-8534-40c8-af53-9ff7bd3d3b20}</UniqueIdentifier>
    </Filter>
    <Filter Include="Other Files">
      <UniqueIdentifier>{d8138629-2fc9-4f1c-9d2b-90ad6f978071}</UniqueIdentifier>
    </Filter>
    <Filter Include="Other Files\Station Images">
      <UniqueIdentifier>{a2dc1947-38d2-4189-b185-8129b859544d}</UniqueIdentifier>
    </Filter>
    <Filter Include="Header Files\Metadata Providers/Processors">
      <UniqueIdentifier>{00cf091c-f840-466b-b423-bd0b9d5d3ecd}</UniqueIdentifier>
    </Filter>
    <Filter Include="Source Files\Metadata Providers/Processors">
      <UniqueIdentifier>{93603c30-4ff9-4596-8bdb-4764dcfb18f2}</UniqueIdentifier>
    </Filter>
  </ItemGroup>
  <ItemGroup>
    <Library Include="dependencies\bass\bass.lib">
      <Filter>Binary Files\Import Libraries</Filter>
    </Library>
  </ItemGroup>
  <ItemGroup>
    <None Include="dependencies\bass\bass.dll">
      <Filter>Binary Files\Dynamic Link Libraries</Filter>
    </None>
    <None Include="resource\icon.ico">
      <Filter>Resource Files</Filter>
    </None>
    <None Include="dependencies\jsoncpp\src\json_internalarray.inl">
      <Filter>Header Files\JSONCpp</Filter>
    </None>
    <None Include="dependencies\jsoncpp\src\json_internalmap.inl">
      <Filter>Header Files\JSONCpp</Filter>
    </None>
    <None Include="dependencies\jsoncpp\src\json_valueiterator.inl">
      <Filter>Header Files\JSONCpp</Filter>
    </None>
    <None Include="data\config.json">
      <Filter>Other Files</Filter>
    </None>
    <None Include="data\img\ndr_2.bmp">
      <Filter>Other Files\Station Images</Filter>
    </None>
    <None Include="data\img\n-joy.bmp">
      <Filter>Other Files\Station Images</Filter>
    </None>
    <None Include="data\img\einslive.bmp">
      <Filter>Other Files\Station Images</Filter>
    </None>
    <None Include="data\img\ffn.bmp">
      <Filter>Other Files\Station Images</Filter>
    </None>
    <None Include="data\img\hardbase.bmp">
      <Filter>Other Files\Station Images</Filter>
    </None>
    <None Include="data\img\sputnik.bmp">
      <Filter>Other Files\Station Images</Filter>
    </None>
    <None Include="data\img\raktiv.bmp">
      <Filter>Other Files\Station Images</Filter>
    </None>
  </ItemGroup>
  <ItemGroup>
    <ClInclude Include="dependencies\bass\bass.h">
      <Filter>Header Files\BASS</Filter>
    </ClInclude>
    <ClInclude Include="src\MainWindow.hpp">
      <Filter>Header Files</Filter>
    </ClInclude>
    <ClInclude Include="src\Station.hpp">
      <Filter>Header Files</Filter>
    </ClInclude>
    <ClInclude Include="dependencies\jsoncpp\include\json\config.h">
      <Filter>Header Files\JSONCpp</Filter>
    </ClInclude>
    <ClInclude Include="dependencies\jsoncpp\include\json\features.h">
      <Filter>Header Files\JSONCpp</Filter>
    </ClInclude>
    <ClInclude Include="dependencies\jsoncpp\include\json\forwards.h">
      <Filter>Header Files\JSONCpp</Filter>
    </ClInclude>
    <ClInclude Include="dependencies\jsoncpp\include\json\json.h">
      <Filter>Header Files\JSONCpp</Filter>
    </ClInclude>
    <ClInclude Include="dependencies\jsoncpp\include\json\reader.h">
      <Filter>Header Files\JSONCpp</Filter>
    </ClInclude>
    <ClInclude Include="dependencies\jsoncpp\include\json\value.h">
      <Filter>Header Files\JSONCpp</Filter>
    </ClInclude>
    <ClInclude Include="dependencies\jsoncpp\include\json\writer.h">
      <Filter>Header Files\JSONCpp</Filter>
    </ClInclude>
    <ClInclude Include="dependencies\jsoncpp\include\json\autolink.h">
      <Filter>Header Files\JSONCpp</Filter>
    </ClInclude>
    <ClInclude Include="dependencies\jsoncpp\src\json_batchallocator.h">
      <Filter>Header Files\JSONCpp</Filter>
    </ClInclude>
    <ClInclude Include="src\Language.hpp">
      <Filter>Header Files</Filter>
    </ClInclude>
    <ClInclude Include="src\HTTP.hpp">
      <Filter>Header Files</Filter>
    </ClInclude>
    <ClInclude Include="src\StringUtil.hpp">
      <Filter>Header Files</Filter>
    </ClInclude>
    <ClInclude Include="resource\resource.h">
      <Filter>Header Files</Filter>
    </ClInclude>
    <ClInclude Include="src\MetadataProcessor.hpp">
      <Filter>Header Files</Filter>
    </ClInclude>
    <ClInclude Include="src\INETRException.hpp">
      <Filter>Header Files</Filter>
    </ClInclude>
    <ClInclude Include="src\MetadataProvider.hpp">
      <Filter>Header Files</Filter>
    </ClInclude>
    <ClInclude Include="src\HTTPMetadataProvider.hpp">
      <Filter>Header Files\Metadata Providers/Processors</Filter>
    </ClInclude>
    <ClInclude Include="src\HTMLEntityFixMetadataProcessor.hpp">
      <Filter>Header Files\Metadata Providers/Processors</Filter>
    </ClInclude>
    <ClInclude Include="src\RegExMetadataProcessor.hpp">
      <Filter>Header Files\Metadata Providers/Processors</Filter>
    </ClInclude>
    <ClInclude Include="src\RegExArtistTitleMetadataProcessor.hpp">
      <Filter>Header Files\Metadata Providers/Processors</Filter>
    </ClInclude>
    <ClInclude Include="src\OGGMetadataProvider.hpp">
      <Filter>Header Files\Metadata Providers/Processors</Filter>
    </ClInclude>
    <ClInclude Include="src\MetaMetadataProvider.hpp">
      <Filter>Header Files\Metadata Providers/Processors</Filter>
    </ClInclude>
  </ItemGroup>
  <ItemGroup>
    <ClCompile Include="src\main.cpp">
      <Filter>Source Files</Filter>
    </ClCompile>
    <ClCompile Include="src\MainWindow.cpp">
      <Filter>Source Files</Filter>
    </ClCompile>
    <ClCompile Include="src\Station.cpp">
      <Filter>Source Files</Filter>
    </ClCompile>
    <ClCompile Include="dependencies\jsoncpp\src\json_reader.cpp">
      <Filter>Source Files\JSONCpp</Filter>
    </ClCompile>
    <ClCompile Include="dependencies\jsoncpp\src\json_value.cpp">
      <Filter>Source Files\JSONCpp</Filter>
    </ClCompile>
    <ClCompile Include="dependencies\jsoncpp\src\json_writer.cpp">
      <Filter>Source Files\JSONCpp</Filter>
    </ClCompile>
    <ClCompile Include="src\Language.cpp">
      <Filter>Source Files</Filter>
    </ClCompile>
    <ClCompile Include="src\HTTP.cpp">
      <Filter>Source Files</Filter>
    </ClCompile>
    <ClCompile Include="src\StringUtil.cpp">
      <Filter>Source Files</Filter>
    </ClCompile>
    <ClCompile Include="src\MetadataProcessor.cpp">
      <Filter>Source Files</Filter>
    </ClCompile>
    <ClCompile Include="src\INETRException.cpp">
      <Filter>Source Files</Filter>
    </ClCompile>
    <ClCompile Include="src\MetadataProvider.cpp">
      <Filter>Source Files</Filter>
    </ClCompile>
    <ClCompile Include="src\HTMLEntityFixMetadataProcessor.cpp">
      <Filter>Source Files\Metadata Providers/Processors</Filter>
    </ClCompile>
    <ClCompile Include="src\HTTPMetadataProvider.cpp">
      <Filter>Source Files\Metadata Providers/Processors</Filter>
    </ClCompile>
    <ClCompile Include="src\MetaMetadataProvider.cpp">
      <Filter>Source Files\Metadata Providers/Processors</Filter>
    </ClCompile>
    <ClCompile Include="src\OGGMetadataProvider.cpp">
      <Filter>Source Files\Metadata Providers/Processors</Filter>
    </ClCompile>
    <ClCompile Include="src\RegExMetadataProcessor.cpp">
      <Filter>Source Files\Metadata Providers/Processors</Filter>
    </ClCompile>
    <ClCompile Include="src\RegExArtistTitleMetadataProcessor.cpp">
      <Filter>Source Files\Metadata Providers/Processors</Filter>
    </ClCompile>
  </ItemGroup>
  <ItemGroup>
    <ResourceCompile Include="resource\InternetRadio.rc">
      <Filter>Resource Files</Filter>
    </ResourceCompile>
  </ItemGroup>
</Project>